
Microsoft Visual Studio Solution File, Format Version 12.00
# Visual Studio Version 17
VisualStudioVersion = 17.4.33122.133
MinimumVisualStudioVersion = 10.0.40219.1
Project("{2150E333-8FDC-42A3-9474-1A3956D46DE8}") = "src", "src", "{DF0B523C-67E1-48C0-8DDD-835F302B31A8}"
EndProject
Project("{2150E333-8FDC-42A3-9474-1A3956D46DE8}") = "test", "test", "{27C95C8B-9DFC-4F40-8EBE-D697AB29EAB2}"
EndProject
Project("{9A19103F-16F7-4668-BE54-9A1E7A4F7556}") = "Application", "Application\Application.csproj", "{AE9EBC4E-CBB5-4E3A-8059-BF8D9258867A}"
EndProject
Project("{9A19103F-16F7-4668-BE54-9A1E7A4F7556}") = "infraStructure", "infraStructure\infraStructure.csproj", "{B7772479-A589-4C0B-BBFF-21902A5F5698}"
EndProject
Project("{9A19103F-16F7-4668-BE54-9A1E7A4F7556}") = "Domain", "Domain\Domain.csproj", "{04BA9CE5-10FB-4FED-B2CB-A0A098842E48}"
EndProject
Project("{9A19103F-16F7-4668-BE54-9A1E7A4F7556}") = "myProjectApi", "myProjectApi\myProjectApi.csproj", "{EA804645-CEBC-4C9A-B0C2-0188384AAD29}"
EndProject
Project("{9A19103F-16F7-4668-BE54-9A1E7A4F7556}") = "DComtext", "DComtext\DComtext.csproj", "{C402294B-E1F4-4701-AF43-75ED5C63E97F}"
EndProject
Project("{9A19103F-16F7-4668-BE54-9A1E7A4F7556}") = "Dtos", "Dtos\Dtos.csproj", "{DCFF800E-71FB-4F50-B17F-54EDCCC1BEF9}"
EndProject
Global
	GlobalSection(SolutionConfigurationPlatforms) = preSolution
		Debug|Any CPU = Debug|Any CPU
		Release|Any CPU = Release|Any CPU
	EndGlobalSection
	GlobalSection(ProjectConfigurationPlatforms) = postSolution
		{AE9EBC4E-CBB5-4E3A-8059-BF8D9258867A}.Debug|Any CPU.ActiveCfg = Debug|Any CPU
		{AE9EBC4E-CBB5-4E3A-8059-BF8D9258867A}.Debug|Any CPU.Build.0 = Debug|Any CPU
		{AE9EBC4E-CBB5-4E3A-8059-BF8D9258867A}.Release|Any CPU.ActiveCfg = Release|Any CPU
		{AE9EBC4E-CBB5-4E3A-8059-BF8D9258867A}.Release|Any CPU.Build.0 = Release|Any CPU
		{B7772479-A589-4C0B-BBFF-21902A5F5698}.Debug|Any CPU.ActiveCfg = Debug|Any CPU
		{B7772479-A589-4C0B-BBFF-21902A5F5698}.Debug|Any CPU.Build.0 = Debug|Any CPU
		{B7772479-A589-4C0B-BBFF-21902A5F5698}.Release|Any CPU.ActiveCfg = Release|Any CPU
		{B7772479-A589-4C0B-BBFF-21902A5F5698}.Release|Any CPU.Build.0 = Release|Any CPU
		{04BA9CE5-10FB-4FED-B2CB-A0A098842E48}.Debug|Any CPU.ActiveCfg = Debug|Any CPU
		{04BA9CE5-10FB-4FED-B2CB-A0A098842E48}.Debug|Any CPU.Build.0 = Debug|Any CPU
		{04BA9CE5-10FB-4FED-B2CB-A0A098842E48}.Release|Any CPU.ActiveCfg = Release|Any CPU
		{04BA9CE5-10FB-4FED-B2CB-A0A098842E48}.Release|Any CPU.Build.0 = Release|Any CPU
		{EA804645-CEBC-4C9A-B0C2-0188384AAD29}.Debug|Any CPU.ActiveCfg = Debug|Any CPU
		{EA804645-CEBC-4C9A-B0C2-0188384AAD29}.Debug|Any CPU.Build.0 = Debug|Any CPU
		{EA804645-CEBC-4C9A-B0C2-0188384AAD29}.Release|Any CPU.ActiveCfg = Release|Any CPU
		{EA804645-CEBC-4C9A-B0C2-0188384AAD29}.Release|Any CPU.Build.0 = Release|Any CPU
		{C402294B-E1F4-4701-AF43-75ED5C63E97F}.Debug|Any CPU.ActiveCfg = Debug|Any CPU
		{C402294B-E1F4-4701-AF43-75ED5C63E97F}.Debug|Any CPU.Build.0 = Debug|Any CPU
		{C402294B-E1F4-4701-AF43-75ED5C63E97F}.Release|Any CPU.ActiveCfg = Release|Any CPU
		{C402294B-E1F4-4701-AF43-75ED5C63E97F}.Release|Any CPU.Build.0 = Release|Any CPU
		{DCFF800E-71FB-4F50-B17F-54EDCCC1BEF9}.Debug|Any CPU.ActiveCfg = Debug|Any CPU
		{DCFF800E-71FB-4F50-B17F-54EDCCC1BEF9}.Debug|Any CPU.Build.0 = Debug|Any CPU
		{DCFF800E-71FB-4F50-B17F-54EDCCC1BEF9}.Release|Any CPU.ActiveCfg = Release|Any CPU
		{DCFF800E-71FB-4F50-B17F-54EDCCC1BEF9}.Release|Any CPU.Build.0 = Release|Any CPU
	EndGlobalSection
	GlobalSection(SolutionProperties) = preSolution
		HideSolutionNode = FALSE
	EndGlobalSection
	GlobalSection(NestedProjects) = preSolution
		{AE9EBC4E-CBB5-4E3A-8059-BF8D9258867A} = {DF0B523C-67E1-48C0-8DDD-835F302B31A8}
		{B7772479-A589-4C0B-BBFF-21902A5F5698} = {DF0B523C-67E1-48C0-8DDD-835F302B31A8}
		{04BA9CE5-10FB-4FED-B2CB-A0A098842E48} = {DF0B523C-67E1-48C0-8DDD-835F302B31A8}
		{EA804645-CEBC-4C9A-B0C2-0188384AAD29} = {DF0B523C-67E1-48C0-8DDD-835F302B31A8}
		{C402294B-E1F4-4701-AF43-75ED5C63E97F} = {DF0B523C-67E1-48C0-8DDD-835F302B31A8}
		{DCFF800E-71FB-4F50-B17F-54EDCCC1BEF9} = {DF0B523C-67E1-48C0-8DDD-835F302B31A8}
	EndGlobalSection
	GlobalSection(ExtensibilityGlobals) = postSolution
		SolutionGuid = {613A9E2A-2F0D-4D97-AEC6-F55679F9874D}
	EndGlobalSection
EndGlobal
